// !$*UTF8*$!
{
	archiveVersion = 1;
	classes = {
	};
	objectVersion = 56;
	objects = {

/* Begin PBXBuildFile section */
		F50016C32C38AD2600A341DA /* PostModel.swift in Sources */ = {isa = PBXBuildFile; fileRef = F50016C22C38AD2600A341DA /* PostModel.swift */; };
		F519CB032C3E2B3D00F04A53 /* SnapKit in Frameworks */ = {isa = PBXBuildFile; productRef = F519CB022C3E2B3D00F04A53 /* SnapKit */; };
		F519CB052C3EB99700F04A53 /* CommentsViewController.swift in Sources */ = {isa = PBXBuildFile; fileRef = F519CB042C3EB99700F04A53 /* CommentsViewController.swift */; };
		F57191F02C31EAF9006C67A3 /* AppDelegate.swift in Sources */ = {isa = PBXBuildFile; fileRef = F57191EF2C31EAF9006C67A3 /* AppDelegate.swift */; };
		F57191F22C31EAF9006C67A3 /* SceneDelegate.swift in Sources */ = {isa = PBXBuildFile; fileRef = F57191F12C31EAF9006C67A3 /* SceneDelegate.swift */; };
		F57191F42C31EAF9006C67A3 /* HomeViewController.swift in Sources */ = {isa = PBXBuildFile; fileRef = F57191F32C31EAF9006C67A3 /* HomeViewController.swift */; };
		F57191F92C31EAFB006C67A3 /* Assets.xcassets in Resources */ = {isa = PBXBuildFile; fileRef = F57191F82C31EAFB006C67A3 /* Assets.xcassets */; };
		F57191FC2C31EAFB006C67A3 /* Base in Resources */ = {isa = PBXBuildFile; fileRef = F57191FB2C31EAFB006C67A3 /* Base */; };
		F579B0F72C402C94006E49B2 /* PostComment.swift in Sources */ = {isa = PBXBuildFile; fileRef = F579B0F62C402C94006E49B2 /* PostComment.swift */; };
		F579B0F92C402CC8006E49B2 /* User.swift in Sources */ = {isa = PBXBuildFile; fileRef = F579B0F82C402CC8006E49B2 /* User.swift */; };
		F579B0FB2C418E24006E49B2 /* CommentTableViewCell.swift in Sources */ = {isa = PBXBuildFile; fileRef = F579B0FA2C418E24006E49B2 /* CommentTableViewCell.swift */; };
		F59CED7B2C37124B0021D40E /* SDWebImage in Frameworks */ = {isa = PBXBuildFile; productRef = F59CED7A2C37124B0021D40E /* SDWebImage */; };
		F59CED7D2C382F140021D40E /* Extensions.swift in Sources */ = {isa = PBXBuildFile; fileRef = F59CED7C2C382F140021D40E /* Extensions.swift */; };
		F59DC2D02C33601D0021BBC8 /* FirebaseAnalytics in Frameworks */ = {isa = PBXBuildFile; productRef = F59DC2CF2C33601D0021BBC8 /* FirebaseAnalytics */; };
		F59DC2D22C33601D0021BBC8 /* FirebaseAnalyticsSwift in Frameworks */ = {isa = PBXBuildFile; productRef = F59DC2D12C33601D0021BBC8 /* FirebaseAnalyticsSwift */; };
		F59DC2D42C33601D0021BBC8 /* FirebaseAuth in Frameworks */ = {isa = PBXBuildFile; productRef = F59DC2D32C33601D0021BBC8 /* FirebaseAuth */; };
		F59DC2D62C33601D0021BBC8 /* FirebaseCrashlytics in Frameworks */ = {isa = PBXBuildFile; productRef = F59DC2D52C33601D0021BBC8 /* FirebaseCrashlytics */; };
		F59DC2D82C33601D0021BBC8 /* FirebaseDatabase in Frameworks */ = {isa = PBXBuildFile; productRef = F59DC2D72C33601D0021BBC8 /* FirebaseDatabase */; };
		F59DC2DA2C33601D0021BBC8 /* FirebaseDatabaseSwift in Frameworks */ = {isa = PBXBuildFile; productRef = F59DC2D92C33601D0021BBC8 /* FirebaseDatabaseSwift */; };
		F59DC2DC2C33601D0021BBC8 /* FirebaseStorage in Frameworks */ = {isa = PBXBuildFile; productRef = F59DC2DB2C33601D0021BBC8 /* FirebaseStorage */; };
		F59DC2DD2C33622C0021BBC8 /* GoogleService-Info.plist in Resources */ = {isa = PBXBuildFile; fileRef = F5C6EBF82C3358D3008E12B8 /* GoogleService-Info.plist */; };
		F5C6EBB72C334485008E12B8 /* ExploreViewController.swift in Sources */ = {isa = PBXBuildFile; fileRef = F5C6EBB62C334485008E12B8 /* ExploreViewController.swift */; };
		F5C6EBB92C334499008E12B8 /* CameraViewController.swift in Sources */ = {isa = PBXBuildFile; fileRef = F5C6EBB82C334499008E12B8 /* CameraViewController.swift */; };
		F5C6EBBB2C3344B7008E12B8 /* NotificationsViewController.swift in Sources */ = {isa = PBXBuildFile; fileRef = F5C6EBBA2C3344B7008E12B8 /* NotificationsViewController.swift */; };
		F5C6EBBD2C3344C4008E12B8 /* ProfileViewController.swift in Sources */ = {isa = PBXBuildFile; fileRef = F5C6EBBC2C3344C4008E12B8 /* ProfileViewController.swift */; };
		F5C6EBBF2C3344DE008E12B8 /* UserListViewController.swift in Sources */ = {isa = PBXBuildFile; fileRef = F5C6EBBE2C3344DE008E12B8 /* UserListViewController.swift */; };
		F5C6EBC12C3344EA008E12B8 /* SignInViewController.swift in Sources */ = {isa = PBXBuildFile; fileRef = F5C6EBC02C3344EA008E12B8 /* SignInViewController.swift */; };
		F5C6EBC32C3344F7008E12B8 /* SignUpViewController.swift in Sources */ = {isa = PBXBuildFile; fileRef = F5C6EBC22C3344F7008E12B8 /* SignUpViewController.swift */; };
		F5C6EBC52C334501008E12B8 /* SettingsViewController.swift in Sources */ = {isa = PBXBuildFile; fileRef = F5C6EBC42C334501008E12B8 /* SettingsViewController.swift */; };
		F5C6EBC72C334520008E12B8 /* TabBarViewController.swift in Sources */ = {isa = PBXBuildFile; fileRef = F5C6EBC62C334520008E12B8 /* TabBarViewController.swift */; };
		F5C6EBCB2C334578008E12B8 /* PostViewController.swift in Sources */ = {isa = PBXBuildFile; fileRef = F5C6EBCA2C334578008E12B8 /* PostViewController.swift */; };
		F5C6EBCF2C3345A7008E12B8 /* StorageManager.swift in Sources */ = {isa = PBXBuildFile; fileRef = F5C6EBCE2C3345A7008E12B8 /* StorageManager.swift */; };
		F5C6EBD12C3345B7008E12B8 /* DatabaseManager.swift in Sources */ = {isa = PBXBuildFile; fileRef = F5C6EBD02C3345B7008E12B8 /* DatabaseManager.swift */; };
		F5C6EBD32C3345D3008E12B8 /* AuthenticationManager.swift in Sources */ = {isa = PBXBuildFile; fileRef = F5C6EBD22C3345D3008E12B8 /* AuthenticationManager.swift */; };
		F5C6EBD52C3345EA008E12B8 /* HapticsManager.swift in Sources */ = {isa = PBXBuildFile; fileRef = F5C6EBD42C3345EA008E12B8 /* HapticsManager.swift */; };
/* End PBXBuildFile section */

/* Begin PBXFileReference section */
		F50016C22C38AD2600A341DA /* PostModel.swift */ = {isa = PBXFileReference; lastKnownFileType = sourcecode.swift; path = PostModel.swift; sourceTree = "<group>"; };
		F519CB042C3EB99700F04A53 /* CommentsViewController.swift */ = {isa = PBXFileReference; lastKnownFileType = sourcecode.swift; path = CommentsViewController.swift; sourceTree = "<group>"; };
		F57191EC2C31EAF9006C67A3 /* TikTok.app */ = {isa = PBXFileReference; explicitFileType = wrapper.application; includeInIndex = 0; path = TikTok.app; sourceTree = BUILT_PRODUCTS_DIR; };
		F57191EF2C31EAF9006C67A3 /* AppDelegate.swift */ = {isa = PBXFileReference; lastKnownFileType = sourcecode.swift; path = AppDelegate.swift; sourceTree = "<group>"; };
		F57191F12C31EAF9006C67A3 /* SceneDelegate.swift */ = {isa = PBXFileReference; lastKnownFileType = sourcecode.swift; path = SceneDelegate.swift; sourceTree = "<group>"; };
		F57191F32C31EAF9006C67A3 /* HomeViewController.swift */ = {isa = PBXFileReference; lastKnownFileType = sourcecode.swift; path = HomeViewController.swift; sourceTree = "<group>"; };
		F57191F82C31EAFB006C67A3 /* Assets.xcassets */ = {isa = PBXFileReference; lastKnownFileType = folder.assetcatalog; path = Assets.xcassets; sourceTree = "<group>"; };
		F57191FB2C31EAFB006C67A3 /* Base */ = {isa = PBXFileReference; lastKnownFileType = file.storyboard; name = Base; path = Base.lproj/LaunchScreen.storyboard; sourceTree = "<group>"; };
		F57191FD2C31EAFB006C67A3 /* Info.plist */ = {isa = PBXFileReference; lastKnownFileType = text.plist.xml; path = Info.plist; sourceTree = "<group>"; };
		F579B0F62C402C94006E49B2 /* PostComment.swift */ = {isa = PBXFileReference; lastKnownFileType = sourcecode.swift; path = PostComment.swift; sourceTree = "<group>"; };
		F579B0F82C402CC8006E49B2 /* User.swift */ = {isa = PBXFileReference; lastKnownFileType = sourcecode.swift; path = User.swift; sourceTree = "<group>"; };
		F579B0FA2C418E24006E49B2 /* CommentTableViewCell.swift */ = {isa = PBXFileReference; lastKnownFileType = sourcecode.swift; path = CommentTableViewCell.swift; sourceTree = "<group>"; };
		F59CED7C2C382F140021D40E /* Extensions.swift */ = {isa = PBXFileReference; lastKnownFileType = sourcecode.swift; path = Extensions.swift; sourceTree = "<group>"; };
		F5C6EBB62C334485008E12B8 /* ExploreViewController.swift */ = {isa = PBXFileReference; lastKnownFileType = sourcecode.swift; path = ExploreViewController.swift; sourceTree = "<group>"; };
		F5C6EBB82C334499008E12B8 /* CameraViewController.swift */ = {isa = PBXFileReference; lastKnownFileType = sourcecode.swift; path = CameraViewController.swift; sourceTree = "<group>"; };
		F5C6EBBA2C3344B7008E12B8 /* NotificationsViewController.swift */ = {isa = PBXFileReference; lastKnownFileType = sourcecode.swift; path = NotificationsViewController.swift; sourceTree = "<group>"; };
		F5C6EBBC2C3344C4008E12B8 /* ProfileViewController.swift */ = {isa = PBXFileReference; lastKnownFileType = sourcecode.swift; path = ProfileViewController.swift; sourceTree = "<group>"; };
		F5C6EBBE2C3344DE008E12B8 /* UserListViewController.swift */ = {isa = PBXFileReference; lastKnownFileType = sourcecode.swift; path = UserListViewController.swift; sourceTree = "<group>"; };
		F5C6EBC02C3344EA008E12B8 /* SignInViewController.swift */ = {isa = PBXFileReference; lastKnownFileType = sourcecode.swift; path = SignInViewController.swift; sourceTree = "<group>"; };
		F5C6EBC22C3344F7008E12B8 /* SignUpViewController.swift */ = {isa = PBXFileReference; lastKnownFileType = sourcecode.swift; path = SignUpViewController.swift; sourceTree = "<group>"; };
		F5C6EBC42C334501008E12B8 /* SettingsViewController.swift */ = {isa = PBXFileReference; lastKnownFileType = sourcecode.swift; path = SettingsViewController.swift; sourceTree = "<group>"; };
		F5C6EBC62C334520008E12B8 /* TabBarViewController.swift */ = {isa = PBXFileReference; lastKnownFileType = sourcecode.swift; path = TabBarViewController.swift; sourceTree = "<group>"; };
		F5C6EBCA2C334578008E12B8 /* PostViewController.swift */ = {isa = PBXFileReference; lastKnownFileType = sourcecode.swift; path = PostViewController.swift; sourceTree = "<group>"; };
		F5C6EBCE2C3345A7008E12B8 /* StorageManager.swift */ = {isa = PBXFileReference; lastKnownFileType = sourcecode.swift; path = StorageManager.swift; sourceTree = "<group>"; };
		F5C6EBD02C3345B7008E12B8 /* DatabaseManager.swift */ = {isa = PBXFileReference; lastKnownFileType = sourcecode.swift; path = DatabaseManager.swift; sourceTree = "<group>"; };
		F5C6EBD22C3345D3008E12B8 /* AuthenticationManager.swift */ = {isa = PBXFileReference; lastKnownFileType = sourcecode.swift; path = AuthenticationManager.swift; sourceTree = "<group>"; };
		F5C6EBD42C3345EA008E12B8 /* HapticsManager.swift */ = {isa = PBXFileReference; lastKnownFileType = sourcecode.swift; path = HapticsManager.swift; sourceTree = "<group>"; };
		F5C6EBF82C3358D3008E12B8 /* GoogleService-Info.plist */ = {isa = PBXFileReference; fileEncoding = 4; lastKnownFileType = text.plist.xml; path = "GoogleService-Info.plist"; sourceTree = "<group>"; };
/* End PBXFileReference section */

/* Begin PBXFrameworksBuildPhase section */
		F57191E92C31EAF9006C67A3 /* Frameworks */ = {
			isa = PBXFrameworksBuildPhase;
			buildActionMask = 2147483647;
			files = (
				F59DC2DA2C33601D0021BBC8 /* FirebaseDatabaseSwift in Frameworks */,
				F59DC2D82C33601D0021BBC8 /* FirebaseDatabase in Frameworks */,
				F59CED7B2C37124B0021D40E /* SDWebImage in Frameworks */,
				F59DC2D22C33601D0021BBC8 /* FirebaseAnalyticsSwift in Frameworks */,
				F59DC2D62C33601D0021BBC8 /* FirebaseCrashlytics in Frameworks */,
				F59DC2DC2C33601D0021BBC8 /* FirebaseStorage in Frameworks */,
				F519CB032C3E2B3D00F04A53 /* SnapKit in Frameworks */,
				F59DC2D42C33601D0021BBC8 /* FirebaseAuth in Frameworks */,
				F59DC2D02C33601D0021BBC8 /* FirebaseAnalytics in Frameworks */,
			);
			runOnlyForDeploymentPostprocessing = 0;
		};
/* End PBXFrameworksBuildPhase section */

/* Begin PBXGroup section */
		F57191E32C31EAF9006C67A3 = {
			isa = PBXGroup;
			children = (
				F57191EE2C31EAF9006C67A3 /* TikTok */,
				F57191ED2C31EAF9006C67A3 /* Products */,
			);
			sourceTree = "<group>";
		};
		F57191ED2C31EAF9006C67A3 /* Products */ = {
			isa = PBXGroup;
			children = (
				F57191EC2C31EAF9006C67A3 /* TikTok.app */,
			);
			name = Products;
			sourceTree = "<group>";
		};
		F57191EE2C31EAF9006C67A3 /* TikTok */ = {
			isa = PBXGroup;
			children = (
				F5C6EBB32C3343A8008E12B8 /* Managers */,
				F5C6EBB22C33439B008E12B8 /* ViewModels */,
				F5C6EBB12C334395008E12B8 /* Models */,
				F5C6EBB02C334386008E12B8 /* Views */,
				F5C6EBAF2C33437F008E12B8 /* Controllers */,
				F5C6EBAE2C334364008E12B8 /* Resources */,
			);
			path = TikTok;
			sourceTree = "<group>";
		};
		F5C6EBAE2C334364008E12B8 /* Resources */ = {
			isa = PBXGroup;
			children = (
				F57191EF2C31EAF9006C67A3 /* AppDelegate.swift */,
				F57191F12C31EAF9006C67A3 /* SceneDelegate.swift */,
				F5C6EBF82C3358D3008E12B8 /* GoogleService-Info.plist */,
				F57191F82C31EAFB006C67A3 /* Assets.xcassets */,
				F57191FD2C31EAFB006C67A3 /* Info.plist */,
				F59CED7C2C382F140021D40E /* Extensions.swift */,
			);
			path = Resources;
			sourceTree = "<group>";
		};
		F5C6EBAF2C33437F008E12B8 /* Controllers */ = {
			isa = PBXGroup;
			children = (
				F5C6EBB52C334465008E12B8 /* Other */,
				F5C6EBB42C33445E008E12B8 /* Core */,
			);
			path = Controllers;
			sourceTree = "<group>";
		};
		F5C6EBB02C334386008E12B8 /* Views */ = {
			isa = PBXGroup;
			children = (
				F5C6EBC92C334549008E12B8 /* Other */,
				F5C6EBC82C334531008E12B8 /* Storyboards */,
			);
			path = Views;
			sourceTree = "<group>";
		};
		F5C6EBB12C334395008E12B8 /* Models */ = {
			isa = PBXGroup;
			children = (
				F50016C22C38AD2600A341DA /* PostModel.swift */,
				F579B0F62C402C94006E49B2 /* PostComment.swift */,
				F579B0F82C402CC8006E49B2 /* User.swift */,
			);
			path = Models;
			sourceTree = "<group>";
		};
		F5C6EBB22C33439B008E12B8 /* ViewModels */ = {
			isa = PBXGroup;
			children = (
			);
			path = ViewModels;
			sourceTree = "<group>";
		};
		F5C6EBB32C3343A8008E12B8 /* Managers */ = {
			isa = PBXGroup;
			children = (
				F5C6EBCE2C3345A7008E12B8 /* StorageManager.swift */,
				F5C6EBD02C3345B7008E12B8 /* DatabaseManager.swift */,
				F5C6EBD22C3345D3008E12B8 /* AuthenticationManager.swift */,
				F5C6EBD42C3345EA008E12B8 /* HapticsManager.swift */,
			);
			path = Managers;
			sourceTree = "<group>";
		};
		F5C6EBB42C33445E008E12B8 /* Core */ = {
			isa = PBXGroup;
			children = (
				F57191F32C31EAF9006C67A3 /* HomeViewController.swift */,
				F5C6EBB62C334485008E12B8 /* ExploreViewController.swift */,
				F5C6EBB82C334499008E12B8 /* CameraViewController.swift */,
				F5C6EBBA2C3344B7008E12B8 /* NotificationsViewController.swift */,
				F5C6EBBC2C3344C4008E12B8 /* ProfileViewController.swift */,
				F5C6EBC62C334520008E12B8 /* TabBarViewController.swift */,
			);
			path = Core;
			sourceTree = "<group>";
		};
		F5C6EBB52C334465008E12B8 /* Other */ = {
			isa = PBXGroup;
			children = (
				F5C6EBBE2C3344DE008E12B8 /* UserListViewController.swift */,
				F5C6EBC02C3344EA008E12B8 /* SignInViewController.swift */,
				F5C6EBC22C3344F7008E12B8 /* SignUpViewController.swift */,
				F5C6EBC42C334501008E12B8 /* SettingsViewController.swift */,
				F5C6EBCA2C334578008E12B8 /* PostViewController.swift */,
				F519CB042C3EB99700F04A53 /* CommentsViewController.swift */,
			);
			path = Other;
			sourceTree = "<group>";
		};
		F5C6EBC82C334531008E12B8 /* Storyboards */ = {
			isa = PBXGroup;
			children = (
				F57191FA2C31EAFB006C67A3 /* LaunchScreen.storyboard */,
			);
			path = Storyboards;
			sourceTree = "<group>";
		};
		F5C6EBC92C334549008E12B8 /* Other */ = {
			isa = PBXGroup;
			children = (
				F579B0FA2C418E24006E49B2 /* CommentTableViewCell.swift */,
			);
			path = Other;
			sourceTree = "<group>";
		};
/* End PBXGroup section */

/* Begin PBXNativeTarget section */
		F57191EB2C31EAF9006C67A3 /* TikTok */ = {
			isa = PBXNativeTarget;
			buildConfigurationList = F57192002C31EAFB006C67A3 /* Build configuration list for PBXNativeTarget "TikTok" */;
			buildPhases = (
				F57191E82C31EAF9006C67A3 /* Sources */,
				F57191E92C31EAF9006C67A3 /* Frameworks */,
				F57191EA2C31EAF9006C67A3 /* Resources */,
				F59DC2DE2C3368D20021BBC8 /* ShellScript */,
			);
			buildRules = (
			);
			dependencies = (
			);
			name = TikTok;
			packageProductDependencies = (
				F59DC2CF2C33601D0021BBC8 /* FirebaseAnalytics */,
				F59DC2D12C33601D0021BBC8 /* FirebaseAnalyticsSwift */,
				F59DC2D32C33601D0021BBC8 /* FirebaseAuth */,
				F59DC2D52C33601D0021BBC8 /* FirebaseCrashlytics */,
				F59DC2D72C33601D0021BBC8 /* FirebaseDatabase */,
				F59DC2D92C33601D0021BBC8 /* FirebaseDatabaseSwift */,
				F59DC2DB2C33601D0021BBC8 /* FirebaseStorage */,
				F59CED7A2C37124B0021D40E /* SDWebImage */,
				F519CB022C3E2B3D00F04A53 /* SnapKit */,
			);
			productName = TikTok;
			productReference = F57191EC2C31EAF9006C67A3 /* TikTok.app */;
			productType = "com.apple.product-type.application";
		};
/* End PBXNativeTarget section */

/* Begin PBXProject section */
		F57191E42C31EAF9006C67A3 /* Project object */ = {
			isa = PBXProject;
			attributes = {
				BuildIndependentTargetsInParallel = 1;
				LastSwiftUpdateCheck = 1540;
				LastUpgradeCheck = 1540;
				TargetAttributes = {
					F57191EB2C31EAF9006C67A3 = {
						CreatedOnToolsVersion = 15.4;
					};
				};
			};
			buildConfigurationList = F57191E72C31EAF9006C67A3 /* Build configuration list for PBXProject "TikTok" */;
			compatibilityVersion = "Xcode 14.0";
			developmentRegion = en;
			hasScannedForEncodings = 0;
			knownRegions = (
				en,
				Base,
			);
			mainGroup = F57191E32C31EAF9006C67A3;
			packageReferences = (
				F59DC2CE2C33601D0021BBC8 /* XCRemoteSwiftPackageReference "firebase-ios-sdk" */,
				F59CED792C37124B0021D40E /* XCRemoteSwiftPackageReference "SDWebImage" */,
				F519CB012C3E2B3D00F04A53 /* XCRemoteSwiftPackageReference "SnapKit" */,
			);
			productRefGroup = F57191ED2C31EAF9006C67A3 /* Products */;
			projectDirPath = "";
			projectRoot = "";
			targets = (
				F57191EB2C31EAF9006C67A3 /* TikTok */,
			);
		};
/* End PBXProject section */

/* Begin PBXResourcesBuildPhase section */
		F57191EA2C31EAF9006C67A3 /* Resources */ = {
			isa = PBXResourcesBuildPhase;
			buildActionMask = 2147483647;
			files = (
				F57191F92C31EAFB006C67A3 /* Assets.xcassets in Resources */,
				F57191FC2C31EAFB006C67A3 /* Base in Resources */,
				F59DC2DD2C33622C0021BBC8 /* GoogleService-Info.plist in Resources */,
			);
			runOnlyForDeploymentPostprocessing = 0;
		};
/* End PBXResourcesBuildPhase section */

/* Begin PBXShellScriptBuildPhase section */
		F59DC2DE2C3368D20021BBC8 /* ShellScript */ = {
			isa = PBXShellScriptBuildPhase;
			buildActionMask = 2147483647;
			files = (
			);
			inputFileListPaths = (
			);
			inputPaths = (
				"${DWARF_DSYM_FOLDER_PATH}/${DWARF_DSYM_FILE_NAME}",
				"${DWARF_DSYM_FOLDER_PATH}/${DWARF_DSYM_FILE_NAME}/Contents/Resources/DWARF/${PRODUCT_NAME}",
				"${DWARF_DSYM_FOLDER_PATH}/${DWARF_DSYM_FILE_NAME}/Contents/Info.plist",
				"$(TARGET_BUILD_DIR)/$(UNLOCALIZED_RESOURCES_FOLDER_PATH)/GoogleService-Info.plist",
				"$(TARGET_BUILD_DIR)/$(EXECUTABLE_PATH)",
			);
			outputFileListPaths = (
			);
			outputPaths = (
			);
			runOnlyForDeploymentPostprocessing = 0;
			shellPath = /bin/sh;
			shellScript = "\"${BUILD_DIR%/Build/*}/SourcePackages/checkouts/firebase-ios-sdk/Crashlytics/run\"\n";
		};
/* End PBXShellScriptBuildPhase section */

/* Begin PBXSourcesBuildPhase section */
		F57191E82C31EAF9006C67A3 /* Sources */ = {
			isa = PBXSourcesBuildPhase;
			buildActionMask = 2147483647;
			files = (
				F5C6EBD52C3345EA008E12B8 /* HapticsManager.swift in Sources */,
				F59CED7D2C382F140021D40E /* Extensions.swift in Sources */,
				F5C6EBD12C3345B7008E12B8 /* DatabaseManager.swift in Sources */,
				F579B0FB2C418E24006E49B2 /* CommentTableViewCell.swift in Sources */,
				F5C6EBB72C334485008E12B8 /* ExploreViewController.swift in Sources */,
				F5C6EBBF2C3344DE008E12B8 /* UserListViewController.swift in Sources */,
				F5C6EBC52C334501008E12B8 /* SettingsViewController.swift in Sources */,
				F5C6EBCB2C334578008E12B8 /* PostViewController.swift in Sources */,
				F5C6EBB92C334499008E12B8 /* CameraViewController.swift in Sources */,
				F519CB052C3EB99700F04A53 /* CommentsViewController.swift in Sources */,
				F5C6EBC72C334520008E12B8 /* TabBarViewController.swift in Sources */,
				F57191F42C31EAF9006C67A3 /* HomeViewController.swift in Sources */,
				F5C6EBC32C3344F7008E12B8 /* SignUpViewController.swift in Sources */,
				F5C6EBD32C3345D3008E12B8 /* AuthenticationManager.swift in Sources */,
				F5C6EBBB2C3344B7008E12B8 /* NotificationsViewController.swift in Sources */,
				F579B0F72C402C94006E49B2 /* PostComment.swift in Sources */,
				F5C6EBC12C3344EA008E12B8 /* SignInViewController.swift in Sources */,
				F50016C32C38AD2600A341DA /* PostModel.swift in Sources */,
				F5C6EBBD2C3344C4008E12B8 /* ProfileViewController.swift in Sources */,
				F5C6EBCF2C3345A7008E12B8 /* StorageManager.swift in Sources */,
				F57191F02C31EAF9006C67A3 /* AppDelegate.swift in Sources */,
				F579B0F92C402CC8006E49B2 /* User.swift in Sources */,
				F57191F22C31EAF9006C67A3 /* SceneDelegate.swift in Sources */,
			);
			runOnlyForDeploymentPostprocessing = 0;
		};
/* End PBXSourcesBuildPhase section */

/* Begin PBXVariantGroup section */
		F57191FA2C31EAFB006C67A3 /* LaunchScreen.storyboard */ = {
			isa = PBXVariantGroup;
			children = (
				F57191FB2C31EAFB006C67A3 /* Base */,
			);
			name = LaunchScreen.storyboard;
			sourceTree = "<group>";
		};
/* End PBXVariantGroup section */

/* Begin XCBuildConfiguration section */
		F57191FE2C31EAFB006C67A3 /* Debug */ = {
			isa = XCBuildConfiguration;
			buildSettings = {
				ALWAYS_SEARCH_USER_PATHS = NO;
				ASSETCATALOG_COMPILER_GENERATE_SWIFT_ASSET_SYMBOL_EXTENSIONS = YES;
				CLANG_ANALYZER_NONNULL = YES;
				CLANG_ANALYZER_NUMBER_OBJECT_CONVERSION = YES_AGGRESSIVE;
				CLANG_CXX_LANGUAGE_STANDARD = "gnu++20";
				CLANG_ENABLE_MODULES = YES;
				CLANG_ENABLE_OBJC_ARC = YES;
				CLANG_ENABLE_OBJC_WEAK = YES;
				CLANG_WARN_BLOCK_CAPTURE_AUTORELEASING = YES;
				CLANG_WARN_BOOL_CONVERSION = YES;
				CLANG_WARN_COMMA = YES;
				CLANG_WARN_CONSTANT_CONVERSION = YES;
				CLANG_WARN_DEPRECATED_OBJC_IMPLEMENTATIONS = YES;
				CLANG_WARN_DIRECT_OBJC_ISA_USAGE = YES_ERROR;
				CLANG_WARN_DOCUMENTATION_COMMENTS = YES;
				CLANG_WARN_EMPTY_BODY = YES;
				CLANG_WARN_ENUM_CONVERSION = YES;
				CLANG_WARN_INFINITE_RECURSION = YES;
				CLANG_WARN_INT_CONVERSION = YES;
				CLANG_WARN_NON_LITERAL_NULL_CONVERSION = YES;
				CLANG_WARN_OBJC_IMPLICIT_RETAIN_SELF = YES;
				CLANG_WARN_OBJC_LITERAL_CONVERSION = YES;
				CLANG_WARN_OBJC_ROOT_CLASS = YES_ERROR;
				CLANG_WARN_QUOTED_INCLUDE_IN_FRAMEWORK_HEADER = YES;
				CLANG_WARN_RANGE_LOOP_ANALYSIS = YES;
				CLANG_WARN_STRICT_PROTOTYPES = YES;
				CLANG_WARN_SUSPICIOUS_MOVE = YES;
				CLANG_WARN_UNGUARDED_AVAILABILITY = YES_AGGRESSIVE;
				CLANG_WARN_UNREACHABLE_CODE = YES;
				CLANG_WARN__DUPLICATE_METHOD_MATCH = YES;
				COPY_PHASE_STRIP = NO;
				DEBUG_INFORMATION_FORMAT = dwarf;
				ENABLE_STRICT_OBJC_MSGSEND = YES;
				ENABLE_TESTABILITY = YES;
				ENABLE_USER_SCRIPT_SANDBOXING = YES;
				GCC_C_LANGUAGE_STANDARD = gnu17;
				GCC_DYNAMIC_NO_PIC = NO;
				GCC_NO_COMMON_BLOCKS = YES;
				GCC_OPTIMIZATION_LEVEL = 0;
				GCC_PREPROCESSOR_DEFINITIONS = (
					"DEBUG=1",
					"$(inherited)",
				);
				GCC_WARN_64_TO_32_BIT_CONVERSION = YES;
				GCC_WARN_ABOUT_RETURN_TYPE = YES_ERROR;
				GCC_WARN_UNDECLARED_SELECTOR = YES;
				GCC_WARN_UNINITIALIZED_AUTOS = YES_AGGRESSIVE;
				GCC_WARN_UNUSED_FUNCTION = YES;
				GCC_WARN_UNUSED_VARIABLE = YES;
				IPHONEOS_DEPLOYMENT_TARGET = 17.5;
				LOCALIZATION_PREFERS_STRING_CATALOGS = YES;
				MTL_ENABLE_DEBUG_INFO = INCLUDE_SOURCE;
				MTL_FAST_MATH = YES;
				ONLY_ACTIVE_ARCH = YES;
				SDKROOT = iphoneos;
				SWIFT_ACTIVE_COMPILATION_CONDITIONS = "DEBUG $(inherited)";
				SWIFT_OPTIMIZATION_LEVEL = "-Onone";
			};
			name = Debug;
		};
		F57191FF2C31EAFB006C67A3 /* Release */ = {
			isa = XCBuildConfiguration;
			buildSettings = {
				ALWAYS_SEARCH_USER_PATHS = NO;
				ASSETCATALOG_COMPILER_GENERATE_SWIFT_ASSET_SYMBOL_EXTENSIONS = YES;
				CLANG_ANALYZER_NONNULL = YES;
				CLANG_ANALYZER_NUMBER_OBJECT_CONVERSION = YES_AGGRESSIVE;
				CLANG_CXX_LANGUAGE_STANDARD = "gnu++20";
				CLANG_ENABLE_MODULES = YES;
				CLANG_ENABLE_OBJC_ARC = YES;
				CLANG_ENABLE_OBJC_WEAK = YES;
				CLANG_WARN_BLOCK_CAPTURE_AUTORELEASING = YES;
				CLANG_WARN_BOOL_CONVERSION = YES;
				CLANG_WARN_COMMA = YES;
				CLANG_WARN_CONSTANT_CONVERSION = YES;
				CLANG_WARN_DEPRECATED_OBJC_IMPLEMENTATIONS = YES;
				CLANG_WARN_DIRECT_OBJC_ISA_USAGE = YES_ERROR;
				CLANG_WARN_DOCUMENTATION_COMMENTS = YES;
				CLANG_WARN_EMPTY_BODY = YES;
				CLANG_WARN_ENUM_CONVERSION = YES;
				CLANG_WARN_INFINITE_RECURSION = YES;
				CLANG_WARN_INT_CONVERSION = YES;
				CLANG_WARN_NON_LITERAL_NULL_CONVERSION = YES;
				CLANG_WARN_OBJC_IMPLICIT_RETAIN_SELF = YES;
				CLANG_WARN_OBJC_LITERAL_CONVERSION = YES;
				CLANG_WARN_OBJC_ROOT_CLASS = YES_ERROR;
				CLANG_WARN_QUOTED_INCLUDE_IN_FRAMEWORK_HEADER = YES;
				CLANG_WARN_RANGE_LOOP_ANALYSIS = YES;
				CLANG_WARN_STRICT_PROTOTYPES = YES;
				CLANG_WARN_SUSPICIOUS_MOVE = YES;
				CLANG_WARN_UNGUARDED_AVAILABILITY = YES_AGGRESSIVE;
				CLANG_WARN_UNREACHABLE_CODE = YES;
				CLANG_WARN__DUPLICATE_METHOD_MATCH = YES;
				COPY_PHASE_STRIP = NO;
				DEBUG_INFORMATION_FORMAT = "dwarf-with-dsym";
				ENABLE_NS_ASSERTIONS = NO;
				ENABLE_STRICT_OBJC_MSGSEND = YES;
				ENABLE_USER_SCRIPT_SANDBOXING = YES;
				GCC_C_LANGUAGE_STANDARD = gnu17;
				GCC_NO_COMMON_BLOCKS = YES;
				GCC_WARN_64_TO_32_BIT_CONVERSION = YES;
				GCC_WARN_ABOUT_RETURN_TYPE = YES_ERROR;
				GCC_WARN_UNDECLARED_SELECTOR = YES;
				GCC_WARN_UNINITIALIZED_AUTOS = YES_AGGRESSIVE;
				GCC_WARN_UNUSED_FUNCTION = YES;
				GCC_WARN_UNUSED_VARIABLE = YES;
				IPHONEOS_DEPLOYMENT_TARGET = 17.5;
				LOCALIZATION_PREFERS_STRING_CATALOGS = YES;
				MTL_ENABLE_DEBUG_INFO = NO;
				MTL_FAST_MATH = YES;
				SDKROOT = iphoneos;
				SWIFT_COMPILATION_MODE = wholemodule;
				VALIDATE_PRODUCT = YES;
			};
			name = Release;
		};
		F57192012C31EAFB006C67A3 /* Debug */ = {
			isa = XCBuildConfiguration;
			buildSettings = {
				ASSETCATALOG_COMPILER_APPICON_NAME = AppIcon;
				ASSETCATALOG_COMPILER_GLOBAL_ACCENT_COLOR_NAME = AccentColor;
				CODE_SIGN_STYLE = Automatic;
				CURRENT_PROJECT_VERSION = 1;
				DEBUG_INFORMATION_FORMAT = "dwarf-with-dsym";
				DEVELOPMENT_TEAM = X936W7QRV9;
				ENABLE_USER_SCRIPT_SANDBOXING = YES;
				GENERATE_INFOPLIST_FILE = YES;
				INFOPLIST_FILE = TikTok/Resources/Info.plist;
				INFOPLIST_KEY_CFBundleDisplayName = TikTok;
				INFOPLIST_KEY_UIApplicationSupportsIndirectInputEvents = YES;
				INFOPLIST_KEY_UILaunchStoryboardName = LaunchScreen;
				INFOPLIST_KEY_UISupportedInterfaceOrientations = UIInterfaceOrientationPortrait;
				INFOPLIST_KEY_UISupportedInterfaceOrientations_iPad = "UIInterfaceOrientationPortrait UIInterfaceOrientationPortraitUpsideDown";
				IPHONEOS_DEPLOYMENT_TARGET = 14.0;
				LD_RUNPATH_SEARCH_PATHS = (
					"$(inherited)",
					"@executable_path/Frameworks",
				);
				MARKETING_VERSION = 1.0;
				PRODUCT_BUNDLE_IDENTIFIER = com.F0de.TikTok;
				PRODUCT_NAME = "$(TARGET_NAME)";
				SUPPORTED_PLATFORMS = "iphoneos iphonesimulator";
				SUPPORTS_MACCATALYST = NO;
				SUPPORTS_MAC_DESIGNED_FOR_IPHONE_IPAD = NO;
				SUPPORTS_XR_DESIGNED_FOR_IPHONE_IPAD = NO;
				SWIFT_EMIT_LOC_STRINGS = YES;
				SWIFT_VERSION = 5.0;
				TARGETED_DEVICE_FAMILY = 1;
			};
			name = Debug;
		};
		F57192022C31EAFB006C67A3 /* Release */ = {
			isa = XCBuildConfiguration;
			buildSettings = {
				ASSETCATALOG_COMPILER_APPICON_NAME = AppIcon;
				ASSETCATALOG_COMPILER_GLOBAL_ACCENT_COLOR_NAME = AccentColor;
				CODE_SIGN_STYLE = Automatic;
				CURRENT_PROJECT_VERSION = 1;
				DEVELOPMENT_TEAM = X936W7QRV9;
				ENABLE_USER_SCRIPT_SANDBOXING = YES;
				GENERATE_INFOPLIST_FILE = YES;
				INFOPLIST_FILE = TikTok/Resources/Info.plist;
				INFOPLIST_KEY_CFBundleDisplayName = TikTok;
				INFOPLIST_KEY_UIApplicationSupportsIndirectInputEvents = YES;
				INFOPLIST_KEY_UILaunchStoryboardName = LaunchScreen;
				INFOPLIST_KEY_UISupportedInterfaceOrientations = UIInterfaceOrientationPortrait;
				INFOPLIST_KEY_UISupportedInterfaceOrientations_iPad = "UIInterfaceOrientationPortrait UIInterfaceOrientationPortraitUpsideDown";
				IPHONEOS_DEPLOYMENT_TARGET = 14.0;
				LD_RUNPATH_SEARCH_PATHS = (
					"$(inherited)",
					"@executable_path/Frameworks",
				);
				MARKETING_VERSION = 1.0;
				PRODUCT_BUNDLE_IDENTIFIER = com.F0de.TikTok;
				PRODUCT_NAME = "$(TARGET_NAME)";
				SUPPORTED_PLATFORMS = "iphoneos iphonesimulator";
				SUPPORTS_MACCATALYST = NO;
				SUPPORTS_MAC_DESIGNED_FOR_IPHONE_IPAD = NO;
				SUPPORTS_XR_DESIGNED_FOR_IPHONE_IPAD = NO;
				SWIFT_EMIT_LOC_STRINGS = YES;
				SWIFT_VERSION = 5.0;
				TARGETED_DEVICE_FAMILY = 1;
			};
			name = Release;
		};
/* End XCBuildConfiguration section */

/* Begin XCConfigurationList section */
		F57191E72C31EAF9006C67A3 /* Build configuration list for PBXProject "TikTok" */ = {
			isa = XCConfigurationList;
			buildConfigurations = (
				F57191FE2C31EAFB006C67A3 /* Debug */,
				F57191FF2C31EAFB006C67A3 /* Release */,
			);
			defaultConfigurationIsVisible = 0;
			defaultConfigurationName = Release;
		};
		F57192002C31EAFB006C67A3 /* Build configuration list for PBXNativeTarget "TikTok" */ = {
			isa = XCConfigurationList;
			buildConfigurations = (
				F57192012C31EAFB006C67A3 /* Debug */,
				F57192022C31EAFB006C67A3 /* Release */,
			);
			defaultConfigurationIsVisible = 0;
			defaultConfigurationName = Release;
		};
/* End XCConfigurationList section */

/* Begin XCRemoteSwiftPackageReference section */
		F519CB012C3E2B3D00F04A53 /* XCRemoteSwiftPackageReference "SnapKit" */ = {
			isa = XCRemoteSwiftPackageReference;
			repositoryURL = "https://github.com/SnapKit/SnapKit.git";
			requirement = {
				kind = upToNextMajorVersion;
				minimumVersion = 5.7.1;
			};
		};
		F59CED792C37124B0021D40E /* XCRemoteSwiftPackageReference "SDWebImage" */ = {
			isa = XCRemoteSwiftPackageReference;
			repositoryURL = "https://github.com/SDWebImage/SDWebImage";
			requirement = {
				kind = upToNextMajorVersion;
				minimumVersion = 5.19.4;
			};
		};
		F59DC2CE2C33601D0021BBC8 /* XCRemoteSwiftPackageReference "firebase-ios-sdk" */ = {
			isa = XCRemoteSwiftPackageReference;
			repositoryURL = "https://github.com/firebase/firebase-ios-sdk";
			requirement = {
				kind = upToNextMajorVersion;
				minimumVersion = 10.28.1;
			};
		};
/* End XCRemoteSwiftPackageReference section */

/* Begin XCSwiftPackageProductDependency section */
		F519CB022C3E2B3D00F04A53 /* SnapKit */ = {
			isa = XCSwiftPackageProductDependency;
			package = F519CB012C3E2B3D00F04A53 /* XCRemoteSwiftPackageReference "SnapKit" */;
			productName = SnapKit;
		};
		F59CED7A2C37124B0021D40E /* SDWebImage */ = {
			isa = XCSwiftPackageProductDependency;
			package = F59CED792C37124B0021D40E /* XCRemoteSwiftPackageReference "SDWebImage" */;
			productName = SDWebImage;
		};
		F59DC2CF2C33601D0021BBC8 /* FirebaseAnalytics */ = {
			isa = XCSwiftPackageProductDependency;
			package = F59DC2CE2C33601D0021BBC8 /* XCRemoteSwiftPackageReference "firebase-ios-sdk" */;
			productName = FirebaseAnalytics;
		};
		F59DC2D12C33601D0021BBC8 /* FirebaseAnalyticsSwift */ = {
			isa = XCSwiftPackageProductDependency;
			package = F59DC2CE2C33601D0021BBC8 /* XCRemoteSwiftPackageReference "firebase-ios-sdk" */;
			productName = FirebaseAnalyticsSwift;
		};
		F59DC2D32C33601D0021BBC8 /* FirebaseAuth */ = {
			isa = XCSwiftPackageProductDependency;
			package = F59DC2CE2C33601D0021BBC8 /* XCRemoteSwiftPackageReference "firebase-ios-sdk" */;
			productName = FirebaseAuth;
		};
		F59DC2D52C33601D0021BBC8 /* FirebaseCrashlytics */ = {
			isa = XCSwiftPackageProductDependency;
			package = F59DC2CE2C33601D0021BBC8 /* XCRemoteSwiftPackageReference "firebase-ios-sdk" */;
			productName = FirebaseCrashlytics;
		};
		F59DC2D72C33601D0021BBC8 /* FirebaseDatabase */ = {
			isa = XCSwiftPackageProductDependency;
			package = F59DC2CE2C33601D0021BBC8 /* XCRemoteSwiftPackageReference "firebase-ios-sdk" */;
			productName = FirebaseDatabase;
		};
		F59DC2D92C33601D0021BBC8 /* FirebaseDatabaseSwift */ = {
			isa = XCSwiftPackageProductDependency;
			package = F59DC2CE2C33601D0021BBC8 /* XCRemoteSwiftPackageReference "firebase-ios-sdk" */;
			productName = FirebaseDatabaseSwift;
		};
		F59DC2DB2C33601D0021BBC8 /* FirebaseStorage */ = {
			isa = XCSwiftPackageProductDependency;
			package = F59DC2CE2C33601D0021BBC8 /* XCRemoteSwiftPackageReference "firebase-ios-sdk" */;
			productName = FirebaseStorage;
		};
/* End XCSwiftPackageProductDependency section */
	};
	rootObject = F57191E42C31EAF9006C67A3 /* Project object */;
}
